
Microsoft Visual Studio Solution File, Format Version 12.00
# Visual Studio 15
VisualStudioVersion = 15.0.26430.14
MinimumVisualStudioVersion = 10.0.40219.1
Project("{FAE04EC0-301F-11D3-BF4B-00C04F79EFBC}") = "V2Switcher", "V2Switcher\V2Switcher.csproj", "{4C87BF6C-5F4A-4C03-ADCA-4FD38FCFAF61}"
EndProject
Global
	GlobalSection(SolutionConfigurationPlatforms) = preSolution
		Debug|Any CPU = Debug|Any CPU
		Release|Any CPU = Release|Any CPU
	EndGlobalSection
	GlobalSection(ProjectConfigurationPlatforms) = postSolution
		{4C87BF6C-5F4A-4C03-ADCA-4FD38FCFAF61}.Debug|Any CPU.ActiveCfg = Debug|Any CPU
		{4C87BF6C-5F4A-4C03-ADCA-4FD38FCFAF61}.Debug|Any CPU.Build.0 = Debug|Any CPU
		{4C87BF6C-5F4A-4C03-ADCA-4FD38FCFAF61}.Release|Any CPU.ActiveCfg = Release|Any CPU
		{4C87BF6C-5F4A-4C03-ADCA-4FD38FCFAF61}.Release|Any CPU.Build.0 = Release|Any CPU
	EndGlobalSection
	GlobalSection(SolutionProperties) = preSolution
		HideSolutionNode = FALSE
	EndGlobalSection
EndGlobal
